
Microsoft Visual Studio Solution File, Format Version 12.00
# Visual Studio Version 16
VisualStudioVersion = 16.0.29418.71
MinimumVisualStudioVersion = 10.0.40219.1
Project("{9A19103F-16F7-4668-BE54-9A1E7A4F7556}") = "Web", "Web\Web.csproj", "{1D006688-734C-4888-917F-66BE1B5F58F7}"
EndProject
Project("{9A19103F-16F7-4668-BE54-9A1E7A4F7556}") = "BL", "BL\BL.csproj", "{9B9F71BF-29C4-45A9-BC83-F75EC0A8494B}"
EndProject
Project("{9A19103F-16F7-4668-BE54-9A1E7A4F7556}") = "DA", "DA\DA.csproj", "{8E00CEB6-C661-467C-8BAC-64A04B2A582B}"
EndProject
Project("{FAE04EC0-301F-11D3-BF4B-00C04F79EFBC}") = "SearchEngineBLTests", "SearchEngineBLTests\SearchEngineBLTests.csproj", "{08460812-6967-4B92-B3BA-795A27B449A4}"
EndProject
Global
	GlobalSection(SolutionConfigurationPlatforms) = preSolution
		Debug|Any CPU = Debug|Any CPU
		Release|Any CPU = Release|Any CPU
	EndGlobalSection
	GlobalSection(ProjectConfigurationPlatforms) = postSolution
		{1D006688-734C-4888-917F-66BE1B5F58F7}.Debug|Any CPU.ActiveCfg = Debug|Any CPU
		{1D006688-734C-4888-917F-66BE1B5F58F7}.Debug|Any CPU.Build.0 = Debug|Any CPU
		{1D006688-734C-4888-917F-66BE1B5F58F7}.Release|Any CPU.ActiveCfg = Release|Any CPU
		{1D006688-734C-4888-917F-66BE1B5F58F7}.Release|Any CPU.Build.0 = Release|Any CPU
		{9B9F71BF-29C4-45A9-BC83-F75EC0A8494B}.Debug|Any CPU.ActiveCfg = Debug|Any CPU
		{9B9F71BF-29C4-45A9-BC83-F75EC0A8494B}.Debug|Any CPU.Build.0 = Debug|Any CPU
		{9B9F71BF-29C4-45A9-BC83-F75EC0A8494B}.Release|Any CPU.ActiveCfg = Release|Any CPU
		{9B9F71BF-29C4-45A9-BC83-F75EC0A8494B}.Release|Any CPU.Build.0 = Release|Any CPU
		{8E00CEB6-C661-467C-8BAC-64A04B2A582B}.Debug|Any CPU.ActiveCfg = Debug|Any CPU
		{8E00CEB6-C661-467C-8BAC-64A04B2A582B}.Debug|Any CPU.Build.0 = Debug|Any CPU
		{8E00CEB6-C661-467C-8BAC-64A04B2A582B}.Release|Any CPU.ActiveCfg = Release|Any CPU
		{8E00CEB6-C661-467C-8BAC-64A04B2A582B}.Release|Any CPU.Build.0 = Release|Any CPU
		{08460812-6967-4B92-B3BA-795A27B449A4}.Debug|Any CPU.ActiveCfg = Debug|Any CPU
		{08460812-6967-4B92-B3BA-795A27B449A4}.Debug|Any CPU.Build.0 = Debug|Any CPU
		{08460812-6967-4B92-B3BA-795A27B449A4}.Release|Any CPU.ActiveCfg = Release|Any CPU
		{08460812-6967-4B92-B3BA-795A27B449A4}.Release|Any CPU.Build.0 = Release|Any CPU
	EndGlobalSection
	GlobalSection(SolutionProperties) = preSolution
		HideSolutionNode = FALSE
	EndGlobalSection
	GlobalSection(ExtensibilityGlobals) = postSolution
		SolutionGuid = {14ACD937-ACF4-4329-A28B-64013001349C}
	EndGlobalSection
EndGlobal
